
Microsoft Visual Studio Solution File, Format Version 12.00
# Visual Studio Version 17
VisualStudioVersion = 17.2.32630.192
MinimumVisualStudioVersion = 10.0.40219.1
Project("{9A19103F-16F7-4668-BE54-9A1E7A4F7556}") = "Application", "Application\Application.csproj", "{B5EBB5E1-5304-4FE3-B6BB-59CA23D458D4}"
EndProject
Project("{9A19103F-16F7-4668-BE54-9A1E7A4F7556}") = "Infrastructure", "Infrastructure\Infrastructure.csproj", "{CFC16AA7-5F55-49AB-A9AB-B9F8D13873B2}"
EndProject
Project("{9A19103F-16F7-4668-BE54-9A1E7A4F7556}") = "Domain", "Domain\Domain.csproj", "{97F2396F-F2CB-4745-A26E-77680F9F3FAE}"
EndProject
Project("{9A19103F-16F7-4668-BE54-9A1E7A4F7556}") = "Test", "Test\Test.csproj", "{2CF3F33C-9A98-4997-AA69-F195F400E028}"
EndProject
Project("{FAE04EC0-301F-11D3-BF4B-00C04F79EFBC}") = "Api", "Api\Api.csproj", "{C40BD251-1F52-4A5F-A04E-AEB1152BD7B5}"
EndProject
Global
	GlobalSection(SolutionConfigurationPlatforms) = preSolution
		Debug|Any CPU = Debug|Any CPU
		Release|Any CPU = Release|Any CPU
	EndGlobalSection
	GlobalSection(ProjectConfigurationPlatforms) = postSolution
		{B5EBB5E1-5304-4FE3-B6BB-59CA23D458D4}.Debug|Any CPU.ActiveCfg = Debug|Any CPU
		{B5EBB5E1-5304-4FE3-B6BB-59CA23D458D4}.Debug|Any CPU.Build.0 = Debug|Any CPU
		{B5EBB5E1-5304-4FE3-B6BB-59CA23D458D4}.Release|Any CPU.ActiveCfg = Release|Any CPU
		{B5EBB5E1-5304-4FE3-B6BB-59CA23D458D4}.Release|Any CPU.Build.0 = Release|Any CPU
		{CFC16AA7-5F55-49AB-A9AB-B9F8D13873B2}.Debug|Any CPU.ActiveCfg = Debug|Any CPU
		{CFC16AA7-5F55-49AB-A9AB-B9F8D13873B2}.Debug|Any CPU.Build.0 = Debug|Any CPU
		{CFC16AA7-5F55-49AB-A9AB-B9F8D13873B2}.Release|Any CPU.ActiveCfg = Release|Any CPU
		{CFC16AA7-5F55-49AB-A9AB-B9F8D13873B2}.Release|Any CPU.Build.0 = Release|Any CPU
		{97F2396F-F2CB-4745-A26E-77680F9F3FAE}.Debug|Any CPU.ActiveCfg = Debug|Any CPU
		{97F2396F-F2CB-4745-A26E-77680F9F3FAE}.Debug|Any CPU.Build.0 = Debug|Any CPU
		{97F2396F-F2CB-4745-A26E-77680F9F3FAE}.Release|Any CPU.ActiveCfg = Release|Any CPU
		{97F2396F-F2CB-4745-A26E-77680F9F3FAE}.Release|Any CPU.Build.0 = Release|Any CPU
		{2CF3F33C-9A98-4997-AA69-F195F400E028}.Debug|Any CPU.ActiveCfg = Debug|Any CPU
		{2CF3F33C-9A98-4997-AA69-F195F400E028}.Debug|Any CPU.Build.0 = Debug|Any CPU
		{2CF3F33C-9A98-4997-AA69-F195F400E028}.Release|Any CPU.ActiveCfg = Release|Any CPU
		{2CF3F33C-9A98-4997-AA69-F195F400E028}.Release|Any CPU.Build.0 = Release|Any CPU
		{C40BD251-1F52-4A5F-A04E-AEB1152BD7B5}.Debug|Any CPU.ActiveCfg = Debug|Any CPU
		{C40BD251-1F52-4A5F-A04E-AEB1152BD7B5}.Debug|Any CPU.Build.0 = Debug|Any CPU
		{C40BD251-1F52-4A5F-A04E-AEB1152BD7B5}.Release|Any CPU.ActiveCfg = Release|Any CPU
		{C40BD251-1F52-4A5F-A04E-AEB1152BD7B5}.Release|Any CPU.Build.0 = Release|Any CPU
	EndGlobalSection
	GlobalSection(SolutionProperties) = preSolution
		HideSolutionNode = FALSE
	EndGlobalSection
	GlobalSection(ExtensibilityGlobals) = postSolution
		SolutionGuid = {D9CBDC21-E381-458B-BE59-34D886E6C740}
	EndGlobalSection
EndGlobal
